
Microsoft Visual Studio Solution File, Format Version 12.00
# Visual Studio Version 16
VisualStudioVersion = 16.0.32126.315
MinimumVisualStudioVersion = 10.0.40219.1
Project("{FAE04EC0-301F-11D3-BF4B-00C04F79EFBC}") = "ConsoleAppHELLO", "ConsoleAppHELLO.csproj", "{8FF0AEB6-67F0-473D-AB03-C8867ECCD777}"
EndProject
Project("{FAE04EC0-301F-11D3-BF4B-00C04F79EFBC}") = "ClassLibraryHELLO", "..\ClassLibraryHELLO\ClassLibraryHELLO.csproj", "{246848D3-AC5A-4FCE-B0A5-BEAB5B94B77A}"
EndProject
Global
	GlobalSection(SolutionConfigurationPlatforms) = preSolution
		Debug|Any CPU = Debug|Any CPU
		Release|Any CPU = Release|Any CPU
	EndGlobalSection
	GlobalSection(ProjectConfigurationPlatforms) = postSolution
		{8FF0AEB6-67F0-473D-AB03-C8867ECCD777}.Debug|Any CPU.ActiveCfg = Debug|Any CPU
		{8FF0AEB6-67F0-473D-AB03-C8867ECCD777}.Debug|Any CPU.Build.0 = Debug|Any CPU
		{8FF0AEB6-67F0-473D-AB03-C8867ECCD777}.Release|Any CPU.ActiveCfg = Release|Any CPU
		{8FF0AEB6-67F0-473D-AB03-C8867ECCD777}.Release|Any CPU.Build.0 = Release|Any CPU
		{246848D3-AC5A-4FCE-B0A5-BEAB5B94B77A}.Debug|Any CPU.ActiveCfg = Debug|Any CPU
		{246848D3-AC5A-4FCE-B0A5-BEAB5B94B77A}.Debug|Any CPU.Build.0 = Debug|Any CPU
		{246848D3-AC5A-4FCE-B0A5-BEAB5B94B77A}.Release|Any CPU.ActiveCfg = Release|Any CPU
		{246848D3-AC5A-4FCE-B0A5-BEAB5B94B77A}.Release|Any CPU.Build.0 = Release|Any CPU
	EndGlobalSection
	GlobalSection(SolutionProperties) = preSolution
		HideSolutionNode = FALSE
	EndGlobalSection
	GlobalSection(ExtensibilityGlobals) = postSolution
		SolutionGuid = {2AB38038-DD5A-4707-822A-515F70AE841B}
	EndGlobalSection
EndGlobal
